
Microsoft Visual Studio Solution File, Format Version 11.00
# Visual Studio 2010
Project("{F184B08F-C81C-45F6-A57F-5ABD9991F28F}") = "Calculator", "Calculator\Calculator.vbproj", "{668A416E-7B80-4FD4-9DC7-E9AE985D7C62}"
EndProject
Project("{54435603-DBB4-11D2-8724-00A0C9A8B90C}") = "Calculator v4.5", "Calculator v4.5\Calculator v4.5.vdproj", "{080066C1-959C-4A50-850F-9248C6A78155}"
EndProject
Global
	GlobalSection(SolutionConfigurationPlatforms) = preSolution
		Debug|x86 = Debug|x86
		Release|x86 = Release|x86
	EndGlobalSection
	GlobalSection(ProjectConfigurationPlatforms) = postSolution
		{668A416E-7B80-4FD4-9DC7-E9AE985D7C62}.Debug|x86.ActiveCfg = Debug|x86
		{668A416E-7B80-4FD4-9DC7-E9AE985D7C62}.Debug|x86.Build.0 = Debug|x86
		{668A416E-7B80-4FD4-9DC7-E9AE985D7C62}.Release|x86.ActiveCfg = Release|x86
		{668A416E-7B80-4FD4-9DC7-E9AE985D7C62}.Release|x86.Build.0 = Release|x86
		{080066C1-959C-4A50-850F-9248C6A78155}.Debug|x86.ActiveCfg = Debug
		{080066C1-959C-4A50-850F-9248C6A78155}.Release|x86.ActiveCfg = Release
	EndGlobalSection
	GlobalSection(SolutionProperties) = preSolution
		HideSolutionNode = FALSE
	EndGlobalSection
EndGlobal
